
Microsoft Visual Studio Solution File, Format Version 12.00
# Visual Studio Version 17
VisualStudioVersion = 17.0.31903.59
MinimumVisualStudioVersion = 10.0.40219.1
Project("{2150E333-8FDC-42A3-9474-1A3956D46DE8}") = "tools", "tools", "{80249F15-50A7-4783-88DD-45D76A3BDD07}"
EndProject
Project("{9A19103F-16F7-4668-BE54-9A1E7A4F7556}") = "OnlineShop.IdentityServer", "src\OnlineShop.IdentityServer\OnlineShop.IdentityServer.csproj", "{CBFDDB9A-CA7F-4CDA-BC32-787ED10B430D}"
EndProject
Project("{2150E333-8FDC-42A3-9474-1A3956D46DE8}") = "services", "services", "{B3AFB29F-2BCB-43FD-91D6-B4B8447785DE}"
EndProject
Project("{9A19103F-16F7-4668-BE54-9A1E7A4F7556}") = "OnlineShop.UserManagementService", "src\OnlineShop.UserManagementService\OnlineShop.UserManagementService.csproj", "{B6881149-C450-45BE-B08B-B0E07D02D512}"
EndProject
Project("{2150E333-8FDC-42A3-9474-1A3956D46DE8}") = "libs", "libs", "{BE757511-CC0C-49BC-8AB8-3935F05B1843}"
EndProject
Project("{9A19103F-16F7-4668-BE54-9A1E7A4F7556}") = "OnlineShop.Library", "src\OnlineShop.Library\OnlineShop.Library.csproj", "{49881D46-1683-483B-9917-6443F22BD8BA}"
EndProject
Project("{9A19103F-16F7-4668-BE54-9A1E7A4F7556}") = "OnlineShop.ConsoleAppTestApp", "src\OnlineShop.ConsoleAppTestApp\OnlineShop.ConsoleAppTestApp.csproj", "{B5DC4CF0-FC6D-47FE-853C-3858E0BD9340}"
EndProject
Project("{2150E333-8FDC-42A3-9474-1A3956D46DE8}") = "scripts", "scripts", "{23374A74-B464-4D25-A0A3-586D8AD51381}"
EndProject
Project("{2150E333-8FDC-42A3-9474-1A3956D46DE8}") = "sql", "sql", "{FE6B4D37-E519-4D61-9C95-65E8C31C2EFA}"
	ProjectSection(SolutionItems) = preProject
		scripts\sql\identity_server_clean_up.sql = scripts\sql\identity_server_clean_up.sql
		scripts\sql\roles_claims_constraints_fix.sql = scripts\sql\roles_claims_constraints_fix.sql
		scripts\sql\users_clean_up.sql = scripts\sql\users_clean_up.sql
	EndProjectSection
EndProject
Project("{2150E333-8FDC-42A3-9474-1A3956D46DE8}") = "rest", "rest", "{87F679EB-0241-49EA-AB8E-13DB650A6C93}"
EndProject
Project("{2150E333-8FDC-42A3-9474-1A3956D46DE8}") = "identity-server", "identity-server", "{B1B68E4F-0439-4C7C-B301-B0449FDEDE10}"
	ProjectSection(SolutionItems) = preProject
		scripts\rest\identity-server\get-token-api-scope.http = scripts\rest\identity-server\get-token-api-scope.http
		scripts\rest\identity-server\get-token-web-scope.http = scripts\rest\identity-server\get-token-web-scope.http
	EndProjectSection
EndProject
Project("{2150E333-8FDC-42A3-9474-1A3956D46DE8}") = "user-management-service", "user-management-service", "{05911AED-1E6B-4FB5-8C31-CE5D4980D416}"
EndProject
Project("{2150E333-8FDC-42A3-9474-1A3956D46DE8}") = "roles-controller", "roles-controller", "{06617137-7DBA-4820-A05A-829C186CD4C2}"
	ProjectSection(SolutionItems) = preProject
		scripts\rest\user-management-service\roles-controller\add-role.http = scripts\rest\user-management-service\roles-controller\add-role.http
		scripts\rest\user-management-service\roles-controller\get-all-roles.http = scripts\rest\user-management-service\roles-controller\get-all-roles.http
		scripts\rest\user-management-service\roles-controller\get-role-by-name.http = scripts\rest\user-management-service\roles-controller\get-role-by-name.http
		scripts\rest\user-management-service\roles-controller\remove-role.http = scripts\rest\user-management-service\roles-controller\remove-role.http
		scripts\rest\user-management-service\roles-controller\update-role.http = scripts\rest\user-management-service\roles-controller\update-role.http
	EndProjectSection
EndProject
Project("{2150E333-8FDC-42A3-9474-1A3956D46DE8}") = "users-controller", "users-controller", "{761357BA-B5BB-4789-84DA-FE582F08513F}"
	ProjectSection(SolutionItems) = preProject
		scripts\rest\user-management-service\users-controller\add-user-to-role.http = scripts\rest\user-management-service\users-controller\add-user-to-role.http
		scripts\rest\user-management-service\users-controller\add-user-to-roles.http = scripts\rest\user-management-service\users-controller\add-user-to-roles.http
		scripts\rest\user-management-service\users-controller\add-user.http = scripts\rest\user-management-service\users-controller\add-user.http
		scripts\rest\user-management-service\users-controller\change-user-password.http = scripts\rest\user-management-service\users-controller\change-user-password.http
		scripts\rest\user-management-service\users-controller\get-all-users.http = scripts\rest\user-management-service\users-controller\get-all-users.http
		scripts\rest\user-management-service\users-controller\get-user-by-username.http = scripts\rest\user-management-service\users-controller\get-user-by-username.http
		scripts\rest\user-management-service\users-controller\remove-user-from-role.http = scripts\rest\user-management-service\users-controller\remove-user-from-role.http
		scripts\rest\user-management-service\users-controller\remove-user-from-roles.http = scripts\rest\user-management-service\users-controller\remove-user-from-roles.http
		scripts\rest\user-management-service\users-controller\remove-user.http = scripts\rest\user-management-service\users-controller\remove-user.http
		scripts\rest\user-management-service\users-controller\update-user.http = scripts\rest\user-management-service\users-controller\update-user.http
	EndProjectSection
EndProject
Global
	GlobalSection(SolutionConfigurationPlatforms) = preSolution
		Debug|Any CPU = Debug|Any CPU
		Release|Any CPU = Release|Any CPU
	EndGlobalSection
	GlobalSection(ProjectConfigurationPlatforms) = postSolution
		{CBFDDB9A-CA7F-4CDA-BC32-787ED10B430D}.Debug|Any CPU.ActiveCfg = Debug|Any CPU
		{CBFDDB9A-CA7F-4CDA-BC32-787ED10B430D}.Debug|Any CPU.Build.0 = Debug|Any CPU
		{CBFDDB9A-CA7F-4CDA-BC32-787ED10B430D}.Release|Any CPU.ActiveCfg = Release|Any CPU
		{CBFDDB9A-CA7F-4CDA-BC32-787ED10B430D}.Release|Any CPU.Build.0 = Release|Any CPU
		{B6881149-C450-45BE-B08B-B0E07D02D512}.Debug|Any CPU.ActiveCfg = Debug|Any CPU
		{B6881149-C450-45BE-B08B-B0E07D02D512}.Debug|Any CPU.Build.0 = Debug|Any CPU
		{B6881149-C450-45BE-B08B-B0E07D02D512}.Release|Any CPU.ActiveCfg = Release|Any CPU
		{B6881149-C450-45BE-B08B-B0E07D02D512}.Release|Any CPU.Build.0 = Release|Any CPU
		{49881D46-1683-483B-9917-6443F22BD8BA}.Debug|Any CPU.ActiveCfg = Debug|Any CPU
		{49881D46-1683-483B-9917-6443F22BD8BA}.Debug|Any CPU.Build.0 = Debug|Any CPU
		{49881D46-1683-483B-9917-6443F22BD8BA}.Release|Any CPU.ActiveCfg = Release|Any CPU
		{49881D46-1683-483B-9917-6443F22BD8BA}.Release|Any CPU.Build.0 = Release|Any CPU
		{B5DC4CF0-FC6D-47FE-853C-3858E0BD9340}.Debug|Any CPU.ActiveCfg = Debug|Any CPU
		{B5DC4CF0-FC6D-47FE-853C-3858E0BD9340}.Debug|Any CPU.Build.0 = Debug|Any CPU
		{B5DC4CF0-FC6D-47FE-853C-3858E0BD9340}.Release|Any CPU.ActiveCfg = Release|Any CPU
		{B5DC4CF0-FC6D-47FE-853C-3858E0BD9340}.Release|Any CPU.Build.0 = Release|Any CPU
	EndGlobalSection
	GlobalSection(SolutionProperties) = preSolution
		HideSolutionNode = FALSE
	EndGlobalSection
	GlobalSection(NestedProjects) = preSolution
		{CBFDDB9A-CA7F-4CDA-BC32-787ED10B430D} = {80249F15-50A7-4783-88DD-45D76A3BDD07}
		{B6881149-C450-45BE-B08B-B0E07D02D512} = {B3AFB29F-2BCB-43FD-91D6-B4B8447785DE}
		{49881D46-1683-483B-9917-6443F22BD8BA} = {BE757511-CC0C-49BC-8AB8-3935F05B1843}
		{B5DC4CF0-FC6D-47FE-853C-3858E0BD9340} = {80249F15-50A7-4783-88DD-45D76A3BDD07}
		{FE6B4D37-E519-4D61-9C95-65E8C31C2EFA} = {23374A74-B464-4D25-A0A3-586D8AD51381}
		{87F679EB-0241-49EA-AB8E-13DB650A6C93} = {23374A74-B464-4D25-A0A3-586D8AD51381}
		{B1B68E4F-0439-4C7C-B301-B0449FDEDE10} = {87F679EB-0241-49EA-AB8E-13DB650A6C93}
		{05911AED-1E6B-4FB5-8C31-CE5D4980D416} = {87F679EB-0241-49EA-AB8E-13DB650A6C93}
		{06617137-7DBA-4820-A05A-829C186CD4C2} = {05911AED-1E6B-4FB5-8C31-CE5D4980D416}
		{761357BA-B5BB-4789-84DA-FE582F08513F} = {05911AED-1E6B-4FB5-8C31-CE5D4980D416}
	EndGlobalSection
	GlobalSection(ExtensibilityGlobals) = postSolution
		SolutionGuid = {23FC04DB-250C-4F7E-9994-591BCF0FD54D}
	EndGlobalSection
EndGlobal
